// !$*UTF8*$!
{
	archiveVersion = 1;
	classes = {
	};
	objectVersion = 56;
	objects = {

/* Begin PBXBuildFile section */
		505D5B9129379464006F7218 /* AppDelegate.swift in Sources */ = {isa = PBXBuildFile; fileRef = 505D5B9029379464006F7218 /* AppDelegate.swift */; };
		505D5B9329379464006F7218 /* SceneDelegate.swift in Sources */ = {isa = PBXBuildFile; fileRef = 505D5B9229379464006F7218 /* SceneDelegate.swift */; };
		505D5B9529379464006F7218 /* ViewController.swift in Sources */ = {isa = PBXBuildFile; fileRef = 505D5B9429379464006F7218 /* ViewController.swift */; };
		505D5B9829379464006F7218 /* Main.storyboard in Resources */ = {isa = PBXBuildFile; fileRef = 505D5B9629379464006F7218 /* Main.storyboard */; };
		505D5B9A29379466006F7218 /* Assets.xcassets in Resources */ = {isa = PBXBuildFile; fileRef = 505D5B9929379466006F7218 /* Assets.xcassets */; };
		505D5B9D29379466006F7218 /* LaunchScreen.storyboard in Resources */ = {isa = PBXBuildFile; fileRef = 505D5B9B29379466006F7218 /* LaunchScreen.storyboard */; };
		505D5BA829379466006F7218 /* Assignment5Tests.swift in Sources */ = {isa = PBXBuildFile; fileRef = 505D5BA729379466006F7218 /* Assignment5Tests.swift */; };
		505D5BB229379466006F7218 /* Assignment5UITests.swift in Sources */ = {isa = PBXBuildFile; fileRef = 505D5BB129379466006F7218 /* Assignment5UITests.swift */; };
		505D5BB429379466006F7218 /* Assignment5UITestsLaunchTests.swift in Sources */ = {isa = PBXBuildFile; fileRef = 505D5BB329379466006F7218 /* Assignment5UITestsLaunchTests.swift */; };
		505D5BC12937A527006F7218 /* SettingTableViewCell.swift in Sources */ = {isa = PBXBuildFile; fileRef = 505D5BC02937A527006F7218 /* SettingTableViewCell.swift */; };
		505D5BC32937B8A4006F7218 /* SwitchTableViewCell.swift in Sources */ = {isa = PBXBuildFile; fileRef = 505D5BC22937B8A4006F7218 /* SwitchTableViewCell.swift */; };
/* End PBXBuildFile section */

/* Begin PBXContainerItemProxy section */
		505D5BA429379466006F7218 /* PBXContainerItemProxy */ = {
			isa = PBXContainerItemProxy;
			containerPortal = 505D5B8529379464006F7218 /* Project object */;
			proxyType = 1;
			remoteGlobalIDString = 505D5B8C29379464006F7218;
			remoteInfo = Assignment5;
		};
		505D5BAE29379466006F7218 /* PBXContainerItemProxy */ = {
			isa = PBXContainerItemProxy;
			containerPortal = 505D5B8529379464006F7218 /* Project object */;
			proxyType = 1;
			remoteGlobalIDString = 505D5B8C29379464006F7218;
			remoteInfo = Assignment5;
		};
/* End PBXContainerItemProxy section */

/* Begin PBXFileReference section */
		505D5B8D29379464006F7218 /* Assignment5.app */ = {isa = PBXFileReference; explicitFileType = wrapper.application; includeInIndex = 0; path = Assignment5.app; sourceTree = BUILT_PRODUCTS_DIR; };
		505D5B9029379464006F7218 /* AppDelegate.swift */ = {isa = PBXFileReference; lastKnownFileType = sourcecode.swift; path = AppDelegate.swift; sourceTree = "<group>"; };
		505D5B9229379464006F7218 /* SceneDelegate.swift */ = {isa = PBXFileReference; lastKnownFileType = sourcecode.swift; path = SceneDelegate.swift; sourceTree = "<group>"; };
		505D5B9429379464006F7218 /* ViewController.swift */ = {isa = PBXFileReference; lastKnownFileType = sourcecode.swift; path = ViewController.swift; sourceTree = "<group>"; };
		505D5B9729379464006F7218 /* Base */ = {isa = PBXFileReference; lastKnownFileType = file.storyboard; name = Base; path = Base.lproj/Main.storyboard; sourceTree = "<group>"; };
		505D5B9929379466006F7218 /* Assets.xcassets */ = {isa = PBXFileReference; lastKnownFileType = folder.assetcatalog; path = Assets.xcassets; sourceTree = "<group>"; };
		505D5B9C29379466006F7218 /* Base */ = {isa = PBXFileReference; lastKnownFileType = file.storyboard; name = Base; path = Base.lproj/LaunchScreen.storyboard; sourceTree = "<group>"; };
		505D5B9E29379466006F7218 /* Info.plist */ = {isa = PBXFileReference; lastKnownFileType = text.plist.xml; path = Info.plist; sourceTree = "<group>"; };
		505D5BA329379466006F7218 /* Assignment5Tests.xctest */ = {isa = PBXFileReference; explicitFileType = wrapper.cfbundle; includeInIndex = 0; path = Assignment5Tests.xctest; sourceTree = BUILT_PRODUCTS_DIR; };
		505D5BA729379466006F7218 /* Assignment5Tests.swift */ = {isa = PBXFileReference; lastKnownFileType = sourcecode.swift; path = Assignment5Tests.swift; sourceTree = "<group>"; };
		505D5BAD29379466006F7218 /* Assignment5UITests.xctest */ = {isa = PBXFileReference; explicitFileType = wrapper.cfbundle; includeInIndex = 0; path = Assignment5UITests.xctest; sourceTree = BUILT_PRODUCTS_DIR; };
		505D5BB129379466006F7218 /* Assignment5UITests.swift */ = {isa = PBXFileReference; lastKnownFileType = sourcecode.swift; path = Assignment5UITests.swift; sourceTree = "<group>"; };
		505D5BB329379466006F7218 /* Assignment5UITestsLaunchTests.swift */ = {isa = PBXFileReference; lastKnownFileType = sourcecode.swift; path = Assignment5UITestsLaunchTests.swift; sourceTree = "<group>"; };
		505D5BC02937A527006F7218 /* SettingTableViewCell.swift */ = {isa = PBXFileReference; lastKnownFileType = sourcecode.swift; path = SettingTableViewCell.swift; sourceTree = "<group>"; };
		505D5BC22937B8A4006F7218 /* SwitchTableViewCell.swift */ = {isa = PBXFileReference; lastKnownFileType = sourcecode.swift; path = SwitchTableViewCell.swift; sourceTree = "<group>"; };
/* End PBXFileReference section */

/* Begin PBXFrameworksBuildPhase section */
		505D5B8A29379464006F7218 /* Frameworks */ = {
			isa = PBXFrameworksBuildPhase;
			buildActionMask = 2147483647;
			files = (
			);
			runOnlyForDeploymentPostprocessing = 0;
		};
		505D5BA029379466006F7218 /* Frameworks */ = {
			isa = PBXFrameworksBuildPhase;
			buildActionMask = 2147483647;
			files = (
			);
			runOnlyForDeploymentPostprocessing = 0;
		};
		505D5BAA29379466006F7218 /* Frameworks */ = {
			isa = PBXFrameworksBuildPhase;
			buildActionMask = 2147483647;
			files = (
			);
			runOnlyForDeploymentPostprocessing = 0;
		};
/* End PBXFrameworksBuildPhase section */

/* Begin PBXGroup section */
		505D5B8429379464006F7218 = {
			isa = PBXGroup;
			children = (
				505D5B8F29379464006F7218 /* Assignment5 */,
				505D5BA629379466006F7218 /* Assignment5Tests */,
				505D5BB029379466006F7218 /* Assignment5UITests */,
				505D5B8E29379464006F7218 /* Products */,
			);
			sourceTree = "<group>";
		};
		505D5B8E29379464006F7218 /* Products */ = {
			isa = PBXGroup;
			children = (
				505D5B8D29379464006F7218 /* Assignment5.app */,
				505D5BA329379466006F7218 /* Assignment5Tests.xctest */,
				505D5BAD29379466006F7218 /* Assignment5UITests.xctest */,
			);
			name = Products;
			sourceTree = "<group>";
		};
		505D5B8F29379464006F7218 /* Assignment5 */ = {
			isa = PBXGroup;
			children = (
				505D5B9029379464006F7218 /* AppDelegate.swift */,
				505D5B9229379464006F7218 /* SceneDelegate.swift */,
				505D5B9429379464006F7218 /* ViewController.swift */,
				505D5B9629379464006F7218 /* Main.storyboard */,
				505D5B9929379466006F7218 /* Assets.xcassets */,
				505D5B9B29379466006F7218 /* LaunchScreen.storyboard */,
				505D5B9E29379466006F7218 /* Info.plist */,
				505D5BC02937A527006F7218 /* SettingTableViewCell.swift */,
				505D5BC22937B8A4006F7218 /* SwitchTableViewCell.swift */,
			);
			path = Assignment5;
			sourceTree = "<group>";
		};
		505D5BA629379466006F7218 /* Assignment5Tests */ = {
			isa = PBXGroup;
			children = (
				505D5BA729379466006F7218 /* Assignment5Tests.swift */,
			);
			path = Assignment5Tests;
			sourceTree = "<group>";
		};
		505D5BB029379466006F7218 /* Assignment5UITests */ = {
			isa = PBXGroup;
			children = (
				505D5BB129379466006F7218 /* Assignment5UITests.swift */,
				505D5BB329379466006F7218 /* Assignment5UITestsLaunchTests.swift */,
			);
			path = Assignment5UITests;
			sourceTree = "<group>";
		};
/* End PBXGroup section */

/* Begin PBXNativeTarget section */
		505D5B8C29379464006F7218 /* Assignment5 */ = {
			isa = PBXNativeTarget;
			buildConfigurationList = 505D5BB729379466006F7218 /* Build configuration list for PBXNativeTarget "Assignment5" */;
			buildPhases = (
				505D5B8929379464006F7218 /* Sources */,
				505D5B8A29379464006F7218 /* Frameworks */,
				505D5B8B29379464006F7218 /* Resources */,
			);
			buildRules = (
			);
			dependencies = (
			);
			name = Assignment5;
			productName = Assignment5;
			productReference = 505D5B8D29379464006F7218 /* Assignment5.app */;
			productType = "com.apple.product-type.application";
		};
		505D5BA229379466006F7218 /* Assignment5Tests */ = {
			isa = PBXNativeTarget;
			buildConfigurationList = 505D5BBA29379466006F7218 /* Build configuration list for PBXNativeTarget "Assignment5Tests" */;
			buildPhases = (
				505D5B9F29379466006F7218 /* Sources */,
				505D5BA029379466006F7218 /* Frameworks */,
				505D5BA129379466006F7218 /* Resources */,
			);
			buildRules = (
			);
			dependencies = (
				505D5BA529379466006F7218 /* PBXTargetDependency */,
			);
			name = Assignment5Tests;
			productName = Assignment5Tests;
			productReference = 505D5BA329379466006F7218 /* Assignment5Tests.xctest */;
			productType = "com.apple.product-type.bundle.unit-test";
		};
		505D5BAC29379466006F7218 /* Assignment5UITests */ = {
			isa = PBXNativeTarget;
			buildConfigurationList = 505D5BBD29379466006F7218 /* Build configuration list for PBXNativeTarget "Assignment5UITests" */;
			buildPhases = (
				505D5BA929379466006F7218 /* Sources */,
				505D5BAA29379466006F7218 /* Frameworks */,
				505D5BAB29379466006F7218 /* Resources */,
			);
			buildRules = (
			);
			dependencies = (
				505D5BAF29379466006F7218 /* PBXTargetDependency */,
			);
			name = Assignment5UITests;
			productName = Assignment5UITests;
			productReference = 505D5BAD29379466006F7218 /* Assignment5UITests.xctest */;
			productType = "com.apple.product-type.bundle.ui-testing";
		};
/* End PBXNativeTarget section */

/* Begin PBXProject section */
		505D5B8529379464006F7218 /* Project object */ = {
			isa = PBXProject;
			attributes = {
				BuildIndependentTargetsInParallel = 1;
				LastSwiftUpdateCheck = 1410;
				LastUpgradeCheck = 1410;
				TargetAttributes = {
					505D5B8C29379464006F7218 = {
						CreatedOnToolsVersion = 14.1;
					};
					505D5BA229379466006F7218 = {
						CreatedOnToolsVersion = 14.1;
						TestTargetID = 505D5B8C29379464006F7218;
					};
					505D5BAC29379466006F7218 = {
						CreatedOnToolsVersion = 14.1;
						TestTargetID = 505D5B8C29379464006F7218;
					};
				};
			};
			buildConfigurationList = 505D5B8829379464006F7218 /* Build configuration list for PBXProject "Assignment5" */;
			compatibilityVersion = "Xcode 14.0";
			developmentRegion = en;
			hasScannedForEncodings = 0;
			knownRegions = (
				en,
				Base,
			);
			mainGroup = 505D5B8429379464006F7218;
			productRefGroup = 505D5B8E29379464006F7218 /* Products */;
			projectDirPath = "";
			projectRoot = "";
			targets = (
				505D5B8C29379464006F7218 /* Assignment5 */,
				505D5BA229379466006F7218 /* Assignment5Tests */,
				505D5BAC29379466006F7218 /* Assignment5UITests */,
			);
		};
/* End PBXProject section */

/* Begin PBXResourcesBuildPhase section */
		505D5B8B29379464006F7218 /* Resources */ = {
			isa = PBXResourcesBuildPhase;
			buildActionMask = 2147483647;
			files = (
				505D5B9D29379466006F7218 /* LaunchScreen.storyboard in Resources */,
				505D5B9A29379466006F7218 /* Assets.xcassets in Resources */,
				505D5B9829379464006F7218 /* Main.storyboard in Resources */,
			);
			runOnlyForDeploymentPostprocessing = 0;
		};
		505D5BA129379466006F7218 /* Resources */ = {
			isa = PBXResourcesBuildPhase;
			buildActionMask = 2147483647;
			files = (
			);
			runOnlyForDeploymentPostprocessing = 0;
		};
		505D5BAB29379466006F7218 /* Resources */ = {
			isa = PBXResourcesBuildPhase;
			buildActionMask = 2147483647;
			files = (
			);
			runOnlyForDeploymentPostprocessing = 0;
		};
/* End PBXResourcesBuildPhase section */

/* Begin PBXSourcesBuildPhase section */
		505D5B8929379464006F7218 /* Sources */ = {
			isa = PBXSourcesBuildPhase;
			buildActionMask = 2147483647;
			files = (
				505D5B9529379464006F7218 /* ViewController.swift in Sources */,
				505D5B9129379464006F7218 /* AppDelegate.swift in Sources */,
				505D5BC32937B8A4006F7218 /* SwitchTableViewCell.swift in Sources */,
				505D5BC12937A527006F7218 /* SettingTableViewCell.swift in Sources */,
				505D5B9329379464006F7218 /* SceneDelegate.swift in Sources */,
			);
			runOnlyForDeploymentPostprocessing = 0;
		};
		505D5B9F29379466006F7218 /* Sources */ = {
			isa = PBXSourcesBuildPhase;
			buildActionMask = 2147483647;
			files = (
				505D5BA829379466006F7218 /* Assignment5Tests.swift in Sources */,
			);
			runOnlyForDeploymentPostprocessing = 0;
		};
		505D5BA929379466006F7218 /* Sources */ = {
			isa = PBXSourcesBuildPhase;
			buildActionMask = 2147483647;
			files = (
				505D5BB229379466006F7218 /* Assignment5UITests.swift in Sources */,
				505D5BB429379466006F7218 /* Assignment5UITestsLaunchTests.swift in Sources */,
			);
			runOnlyForDeploymentPostprocessing = 0;
		};
/* End PBXSourcesBuildPhase section */

/* Begin PBXTargetDependency section */
		505D5BA529379466006F7218 /* PBXTargetDependency */ = {
			isa = PBXTargetDependency;
			target = 505D5B8C29379464006F7218 /* Assignment5 */;
			targetProxy = 505D5BA429379466006F7218 /* PBXContainerItemProxy */;
		};
		505D5BAF29379466006F7218 /* PBXTargetDependency */ = {
			isa = PBXTargetDependency;
			target = 505D5B8C29379464006F7218 /* Assignment5 */;
			targetProxy = 505D5BAE29379466006F7218 /* PBXContainerItemProxy */;
		};
/* End PBXTargetDependency section */

/* Begin PBXVariantGroup section */
		505D5B9629379464006F7218 /* Main.storyboard */ = {
			isa = PBXVariantGroup;
			children = (
				505D5B9729379464006F7218 /* Base */,
			);
			name = Main.storyboard;
			sourceTree = "<group>";
		};
		505D5B9B29379466006F7218 /* LaunchScreen.storyboard */ = {
			isa = PBXVariantGroup;
			children = (
				505D5B9C29379466006F7218 /* Base */,
			);
			name = LaunchScreen.storyboard;
			sourceTree = "<group>";
		};
/* End PBXVariantGroup section */

/* Begin XCBuildConfiguration section */
		505D5BB529379466006F7218 /* Debug */ = {
			isa = XCBuildConfiguration;
			buildSettings = {
				ALWAYS_SEARCH_USER_PATHS = NO;
				CLANG_ANALYZER_NONNULL = YES;
				CLANG_ANALYZER_NUMBER_OBJECT_CONVERSION = YES_AGGRESSIVE;
				CLANG_CXX_LANGUAGE_STANDARD = "gnu++20";
				CLANG_ENABLE_MODULES = YES;
				CLANG_ENABLE_OBJC_ARC = YES;
				CLANG_ENABLE_OBJC_WEAK = YES;
				CLANG_WARN_BLOCK_CAPTURE_AUTORELEASING = YES;
				CLANG_WARN_BOOL_CONVERSION = YES;
				CLANG_WARN_COMMA = YES;
				CLANG_WARN_CONSTANT_CONVERSION = YES;
				CLANG_WARN_DEPRECATED_OBJC_IMPLEMENTATIONS = YES;
				CLANG_WARN_DIRECT_OBJC_ISA_USAGE = YES_ERROR;
				CLANG_WARN_DOCUMENTATION_COMMENTS = YES;
				CLANG_WARN_EMPTY_BODY = YES;
				CLANG_WARN_ENUM_CONVERSION = YES;
				CLANG_WARN_INFINITE_RECURSION = YES;
				CLANG_WARN_INT_CONVERSION = YES;
				CLANG_WARN_NON_LITERAL_NULL_CONVERSION = YES;
				CLANG_WARN_OBJC_IMPLICIT_RETAIN_SELF = YES;
				CLANG_WARN_OBJC_LITERAL_CONVERSION = YES;
				CLANG_WARN_OBJC_ROOT_CLASS = YES_ERROR;
				CLANG_WARN_QUOTED_INCLUDE_IN_FRAMEWORK_HEADER = YES;
				CLANG_WARN_RANGE_LOOP_ANALYSIS = YES;
				CLANG_WARN_STRICT_PROTOTYPES = YES;
				CLANG_WARN_SUSPICIOUS_MOVE = YES;
				CLANG_WARN_UNGUARDED_AVAILABILITY = YES_AGGRESSIVE;
				CLANG_WARN_UNREACHABLE_CODE = YES;
				CLANG_WARN__DUPLICATE_METHOD_MATCH = YES;
				COPY_PHASE_STRIP = NO;
				DEBUG_INFORMATION_FORMAT = dwarf;
				ENABLE_STRICT_OBJC_MSGSEND = YES;
				ENABLE_TESTABILITY = YES;
				GCC_C_LANGUAGE_STANDARD = gnu11;
				GCC_DYNAMIC_NO_PIC = NO;
				GCC_NO_COMMON_BLOCKS = YES;
				GCC_OPTIMIZATION_LEVEL = 0;
				GCC_PREPROCESSOR_DEFINITIONS = (
					"DEBUG=1",
					"$(inherited)",
				);
				GCC_WARN_64_TO_32_BIT_CONVERSION = YES;
				GCC_WARN_ABOUT_RETURN_TYPE = YES_ERROR;
				GCC_WARN_UNDECLARED_SELECTOR = YES;
				GCC_WARN_UNINITIALIZED_AUTOS = YES_AGGRESSIVE;
				GCC_WARN_UNUSED_FUNCTION = YES;
				GCC_WARN_UNUSED_VARIABLE = YES;
				IPHONEOS_DEPLOYMENT_TARGET = 16.1;
				MTL_ENABLE_DEBUG_INFO = INCLUDE_SOURCE;
				MTL_FAST_MATH = YES;
				ONLY_ACTIVE_ARCH = YES;
				SDKROOT = iphoneos;
				SWIFT_ACTIVE_COMPILATION_CONDITIONS = DEBUG;
				SWIFT_OPTIMIZATION_LEVEL = "-Onone";
			};
			name = Debug;
		};
		505D5BB629379466006F7218 /* Release */ = {
			isa = XCBuildConfiguration;
			buildSettings = {
				ALWAYS_SEARCH_USER_PATHS = NO;
				CLANG_ANALYZER_NONNULL = YES;
				CLANG_ANALYZER_NUMBER_OBJECT_CONVERSION = YES_AGGRESSIVE;
				CLANG_CXX_LANGUAGE_STANDARD = "gnu++20";
				CLANG_ENABLE_MODULES = YES;
				CLANG_ENABLE_OBJC_ARC = YES;
				CLANG_ENABLE_OBJC_WEAK = YES;
				CLANG_WARN_BLOCK_CAPTURE_AUTORELEASING = YES;
				CLANG_WARN_BOOL_CONVERSION = YES;
				CLANG_WARN_COMMA = YES;
				CLANG_WARN_CONSTANT_CONVERSION = YES;
				CLANG_WARN_DEPRECATED_OBJC_IMPLEMENTATIONS = YES;
				CLANG_WARN_DIRECT_OBJC_ISA_USAGE = YES_ERROR;
				CLANG_WARN_DOCUMENTATION_COMMENTS = YES;
				CLANG_WARN_EMPTY_BODY = YES;
				CLANG_WARN_ENUM_CONVERSION = YES;
				CLANG_WARN_INFINITE_RECURSION = YES;
				CLANG_WARN_INT_CONVERSION = YES;
				CLANG_WARN_NON_LITERAL_NULL_CONVERSION = YES;
				CLANG_WARN_OBJC_IMPLICIT_RETAIN_SELF = YES;
				CLANG_WARN_OBJC_LITERAL_CONVERSION = YES;
				CLANG_WARN_OBJC_ROOT_CLASS = YES_ERROR;
				CLANG_WARN_QUOTED_INCLUDE_IN_FRAMEWORK_HEADER = YES;
				CLANG_WARN_RANGE_LOOP_ANALYSIS = YES;
				CLANG_WARN_STRICT_PROTOTYPES = YES;
				CLANG_WARN_SUSPICIOUS_MOVE = YES;
				CLANG_WARN_UNGUARDED_AVAILABILITY = YES_AGGRESSIVE;
				CLANG_WARN_UNREACHABLE_CODE = YES;
				CLANG_WARN__DUPLICATE_METHOD_MATCH = YES;
				COPY_PHASE_STRIP = NO;
				DEBUG_INFORMATION_FORMAT = "dwarf-with-dsym";
				ENABLE_NS_ASSERTIONS = NO;
				ENABLE_STRICT_OBJC_MSGSEND = YES;
				GCC_C_LANGUAGE_STANDARD = gnu11;
				GCC_NO_COMMON_BLOCKS = YES;
				GCC_WARN_64_TO_32_BIT_CONVERSION = YES;
				GCC_WARN_ABOUT_RETURN_TYPE = YES_ERROR;
				GCC_WARN_UNDECLARED_SELECTOR = YES;
				GCC_WARN_UNINITIALIZED_AUTOS = YES_AGGRESSIVE;
				GCC_WARN_UNUSED_FUNCTION = YES;
				GCC_WARN_UNUSED_VARIABLE = YES;
				IPHONEOS_DEPLOYMENT_TARGET = 16.1;
				MTL_ENABLE_DEBUG_INFO = NO;
				MTL_FAST_MATH = YES;
				SDKROOT = iphoneos;
				SWIFT_COMPILATION_MODE = wholemodule;
				SWIFT_OPTIMIZATION_LEVEL = "-O";
				VALIDATE_PRODUCT = YES;
			};
			name = Release;
		};
		505D5BB829379466006F7218 /* Debug */ = {
			isa = XCBuildConfiguration;
			buildSettings = {
				ASSETCATALOG_COMPILER_APPICON_NAME = AppIcon;
				ASSETCATALOG_COMPILER_GLOBAL_ACCENT_COLOR_NAME = AccentColor;
				CODE_SIGN_STYLE = Automatic;
				CURRENT_PROJECT_VERSION = 1;
				GENERATE_INFOPLIST_FILE = YES;
				INFOPLIST_FILE = Assignment5/Info.plist;
				INFOPLIST_KEY_UIApplicationSupportsIndirectInputEvents = YES;
				INFOPLIST_KEY_UILaunchStoryboardName = LaunchScreen;
				INFOPLIST_KEY_UIMainStoryboardFile = Main;
				INFOPLIST_KEY_UISupportedInterfaceOrientations_iPad = "UIInterfaceOrientationPortrait UIInterfaceOrientationPortraitUpsideDown UIInterfaceOrientationLandscapeLeft UIInterfaceOrientationLandscapeRight";
				INFOPLIST_KEY_UISupportedInterfaceOrientations_iPhone = "UIInterfaceOrientationPortrait UIInterfaceOrientationLandscapeLeft UIInterfaceOrientationLandscapeRight";
				LD_RUNPATH_SEARCH_PATHS = (
					"$(inherited)",
					"@executable_path/Frameworks",
				);
				MARKETING_VERSION = 1.0;
				PRODUCT_BUNDLE_IDENTIFIER = canadore.Assignment5;
				PRODUCT_NAME = "$(TARGET_NAME)";
				SWIFT_EMIT_LOC_STRINGS = YES;
				SWIFT_VERSION = 5.0;
				TARGETED_DEVICE_FAMILY = "1,2";
			};
			name = Debug;
		};
		505D5BB929379466006F7218 /* Release */ = {
			isa = XCBuildConfiguration;
			buildSettings = {
				ASSETCATALOG_COMPILER_APPICON_NAME = AppIcon;
				ASSETCATALOG_COMPILER_GLOBAL_ACCENT_COLOR_NAME = AccentColor;
				CODE_SIGN_STYLE = Automatic;
				CURRENT_PROJECT_VERSION = 1;
				GENERATE_INFOPLIST_FILE = YES;
				INFOPLIST_FILE = Assignment5/Info.plist;
				INFOPLIST_KEY_UIApplicationSupportsIndirectInputEvents = YES;
				INFOPLIST_KEY_UILaunchStoryboardName = LaunchScreen;
				INFOPLIST_KEY_UIMainStoryboardFile = Main;
				INFOPLIST_KEY_UISupportedInterfaceOrientations_iPad = "UIInterfaceOrientationPortrait UIInterfaceOrientationPortraitUpsideDown UIInterfaceOrientationLandscapeLeft UIInterfaceOrientationLandscapeRight";
				INFOPLIST_KEY_UISupportedInterfaceOrientations_iPhone = "UIInterfaceOrientationPortrait UIInterfaceOrientationLandscapeLeft UIInterfaceOrientationLandscapeRight";
				LD_RUNPATH_SEARCH_PATHS = (
					"$(inherited)",
					"@executable_path/Frameworks",
				);
				MARKETING_VERSION = 1.0;
				PRODUCT_BUNDLE_IDENTIFIER = canadore.Assignment5;
				PRODUCT_NAME = "$(TARGET_NAME)";
				SWIFT_EMIT_LOC_STRINGS = YES;
				SWIFT_VERSION = 5.0;
				TARGETED_DEVICE_FAMILY = "1,2";
			};
			name = Release;
		};
		505D5BBB29379466006F7218 /* Debug */ = {
			isa = XCBuildConfiguration;
			buildSettings = {
				ALWAYS_EMBED_SWIFT_STANDARD_LIBRARIES = YES;
				BUNDLE_LOADER = "$(TEST_HOST)";
				CODE_SIGN_STYLE = Automatic;
				CURRENT_PROJECT_VERSION = 1;
				GENERATE_INFOPLIST_FILE = YES;
				IPHONEOS_DEPLOYMENT_TARGET = 16.1;
				MARKETING_VERSION = 1.0;
				PRODUCT_BUNDLE_IDENTIFIER = canadore.Assignment5Tests;
				PRODUCT_NAME = "$(TARGET_NAME)";
				SWIFT_EMIT_LOC_STRINGS = NO;
				SWIFT_VERSION = 5.0;
				TARGETED_DEVICE_FAMILY = "1,2";
				TEST_HOST = "$(BUILT_PRODUCTS_DIR)/Assignment5.app/$(BUNDLE_EXECUTABLE_FOLDER_PATH)/Assignment5";
			};
			name = Debug;
		};
		505D5BBC29379466006F7218 /* Release */ = {
			isa = XCBuildConfiguration;
			buildSettings = {
				ALWAYS_EMBED_SWIFT_STANDARD_LIBRARIES = YES;
				BUNDLE_LOADER = "$(TEST_HOST)";
				CODE_SIGN_STYLE = Automatic;
				CURRENT_PROJECT_VERSION = 1;
				GENERATE_INFOPLIST_FILE = YES;
				IPHONEOS_DEPLOYMENT_TARGET = 16.1;
				MARKETING_VERSION = 1.0;
				PRODUCT_BUNDLE_IDENTIFIER = canadore.Assignment5Tests;
				PRODUCT_NAME = "$(TARGET_NAME)";
				SWIFT_EMIT_LOC_STRINGS = NO;
				SWIFT_VERSION = 5.0;
				TARGETED_DEVICE_FAMILY = "1,2";
				TEST_HOST = "$(BUILT_PRODUCTS_DIR)/Assignment5.app/$(BUNDLE_EXECUTABLE_FOLDER_PATH)/Assignment5";
			};
			name = Release;
		};
		505D5BBE29379466006F7218 /* Debug */ = {
			isa = XCBuildConfiguration;
			buildSettings = {
				ALWAYS_EMBED_SWIFT_STANDARD_LIBRARIES = YES;
				CODE_SIGN_STYLE = Automatic;
				CURRENT_PROJECT_VERSION = 1;
				GENERATE_INFOPLIST_FILE = YES;
				MARKETING_VERSION = 1.0;
				PRODUCT_BUNDLE_IDENTIFIER = canadore.Assignment5UITests;
				PRODUCT_NAME = "$(TARGET_NAME)";
				SWIFT_EMIT_LOC_STRINGS = NO;
				SWIFT_VERSION = 5.0;
				TARGETED_DEVICE_FAMILY = "1,2";
				TEST_TARGET_NAME = Assignment5;
			};
			name = Debug;
		};
		505D5BBF29379466006F7218 /* Release */ = {
			isa = XCBuildConfiguration;
			buildSettings = {
				ALWAYS_EMBED_SWIFT_STANDARD_LIBRARIES = YES;
				CODE_SIGN_STYLE = Automatic;
				CURRENT_PROJECT_VERSION = 1;
				GENERATE_INFOPLIST_FILE = YES;
				MARKETING_VERSION = 1.0;
				PRODUCT_BUNDLE_IDENTIFIER = canadore.Assignment5UITests;
				PRODUCT_NAME = "$(TARGET_NAME)";
				SWIFT_EMIT_LOC_STRINGS = NO;
				SWIFT_VERSION = 5.0;
				TARGETED_DEVICE_FAMILY = "1,2";
				TEST_TARGET_NAME = Assignment5;
			};
			name = Release;
		};
/* End XCBuildConfiguration section */

/* Begin XCConfigurationList section */
		505D5B8829379464006F7218 /* Build configuration list for PBXProject "Assignment5" */ = {
			isa = XCConfigurationList;
			buildConfigurations = (
				505D5BB529379466006F7218 /* Debug */,
				505D5BB629379466006F7218 /* Release */,
			);
			defaultConfigurationIsVisible = 0;
			defaultConfigurationName = Release;
		};
		505D5BB729379466006F7218 /* Build configuration list for PBXNativeTarget "Assignment5" */ = {
			isa = XCConfigurationList;
			buildConfigurations = (
				505D5BB829379466006F7218 /* Debug */,
				505D5BB929379466006F7218 /* Release */,
			);
			defaultConfigurationIsVisible = 0;
			defaultConfigurationName = Release;
		};
		505D5BBA29379466006F7218 /* Build configuration list for PBXNativeTarget "Assignment5Tests" */ = {
			isa = XCConfigurationList;
			buildConfigurations = (
				505D5BBB29379466006F7218 /* Debug */,
				505D5BBC29379466006F7218 /* Release */,
			);
			defaultConfigurationIsVisible = 0;
			defaultConfigurationName = Release;
		};
		505D5BBD29379466006F7218 /* Build configuration list for PBXNativeTarget "Assignment5UITests" */ = {
			isa = XCConfigurationList;
			buildConfigurations = (
				505D5BBE29379466006F7218 /* Debug */,
				505D5BBF29379466006F7218 /* Release */,
			);
			defaultConfigurationIsVisible = 0;
			defaultConfigurationName = Release;
		};
/* End XCConfigurationList section */
	};
	rootObject = 505D5B8529379464006F7218 /* Project object */;
}
